
Microsoft Visual Studio Solution File, Format Version 12.00
# Visual Studio Version 16
VisualStudioVersion = 16.0.32126.315
MinimumVisualStudioVersion = 10.0.40219.1
Project("{FAE04EC0-301F-11D3-BF4B-00C04F79EFBC}") = "UserMicroservice", "UserMicroservice\UserMicroservice.csproj", "{A7BF8EAF-FC48-4793-8ED9-0AC14F7C3668}"
EndProject
Project("{FAE04EC0-301F-11D3-BF4B-00C04F79EFBC}") = "APIGateway", "APIGateway\APIGateway.csproj", "{D70D0B2E-645F-428D-BB3E-2EDF9C95FC58}"
EndProject
Global
	GlobalSection(SolutionConfigurationPlatforms) = preSolution
		Debug|Any CPU = Debug|Any CPU
		Release|Any CPU = Release|Any CPU
	EndGlobalSection
	GlobalSection(ProjectConfigurationPlatforms) = postSolution
		{A7BF8EAF-FC48-4793-8ED9-0AC14F7C3668}.Debug|Any CPU.ActiveCfg = Debug|Any CPU
		{A7BF8EAF-FC48-4793-8ED9-0AC14F7C3668}.Debug|Any CPU.Build.0 = Debug|Any CPU
		{A7BF8EAF-FC48-4793-8ED9-0AC14F7C3668}.Release|Any CPU.ActiveCfg = Release|Any CPU
		{A7BF8EAF-FC48-4793-8ED9-0AC14F7C3668}.Release|Any CPU.Build.0 = Release|Any CPU
		{D70D0B2E-645F-428D-BB3E-2EDF9C95FC58}.Debug|Any CPU.ActiveCfg = Debug|Any CPU
		{D70D0B2E-645F-428D-BB3E-2EDF9C95FC58}.Debug|Any CPU.Build.0 = Debug|Any CPU
		{D70D0B2E-645F-428D-BB3E-2EDF9C95FC58}.Release|Any CPU.ActiveCfg = Release|Any CPU
		{D70D0B2E-645F-428D-BB3E-2EDF9C95FC58}.Release|Any CPU.Build.0 = Release|Any CPU
	EndGlobalSection
	GlobalSection(SolutionProperties) = preSolution
		HideSolutionNode = FALSE
	EndGlobalSection
	GlobalSection(ExtensibilityGlobals) = postSolution
		SolutionGuid = {C3A029A9-16CE-4674-B027-35EBE9DE2F8C}
	EndGlobalSection
EndGlobal
